
Microsoft Visual Studio Solution File, Format Version 12.00
# Visual Studio 2012
Project("{FAE04EC0-301F-11D3-BF4B-00C04F79EFBC}") = "CSS1", "CSS1\CSS1.csproj", "{556556D4-929A-4D4D-9209-8676AE05448B}"
EndProject
Global
	GlobalSection(SolutionConfigurationPlatforms) = preSolution
		Debug|Any CPU = Debug|Any CPU
		Release|Any CPU = Release|Any CPU
	EndGlobalSection
	GlobalSection(ProjectConfigurationPlatforms) = postSolution
		{556556D4-929A-4D4D-9209-8676AE05448B}.Debug|Any CPU.ActiveCfg = Debug|Any CPU
		{556556D4-929A-4D4D-9209-8676AE05448B}.Debug|Any CPU.Build.0 = Debug|Any CPU
		{556556D4-929A-4D4D-9209-8676AE05448B}.Release|Any CPU.ActiveCfg = Release|Any CPU
		{556556D4-929A-4D4D-9209-8676AE05448B}.Release|Any CPU.Build.0 = Release|Any CPU
	EndGlobalSection
	GlobalSection(SolutionProperties) = preSolution
		HideSolutionNode = FALSE
	EndGlobalSection
EndGlobal
