
Microsoft Visual Studio Solution File, Format Version 12.00
# Visual Studio 2012
Project("{FAE04EC0-301F-11D3-BF4B-00C04F79EFBC}") = "HTML DEMO", "HTML DEMO\HTML DEMO.csproj", "{22913589-3E0D-4BF0-9038-B96424D2CDAB}"
EndProject
Global
	GlobalSection(SolutionConfigurationPlatforms) = preSolution
		Debug|Any CPU = Debug|Any CPU
		Release|Any CPU = Release|Any CPU
	EndGlobalSection
	GlobalSection(ProjectConfigurationPlatforms) = postSolution
		{22913589-3E0D-4BF0-9038-B96424D2CDAB}.Debug|Any CPU.ActiveCfg = Debug|Any CPU
		{22913589-3E0D-4BF0-9038-B96424D2CDAB}.Debug|Any CPU.Build.0 = Debug|Any CPU
		{22913589-3E0D-4BF0-9038-B96424D2CDAB}.Release|Any CPU.ActiveCfg = Release|Any CPU
		{22913589-3E0D-4BF0-9038-B96424D2CDAB}.Release|Any CPU.Build.0 = Release|Any CPU
	EndGlobalSection
	GlobalSection(SolutionProperties) = preSolution
		HideSolutionNode = FALSE
	EndGlobalSection
EndGlobal
